
Microsoft Visual Studio Solution File, Format Version 12.00
# Visual Studio 15
VisualStudioVersion = 15.0.27428.2027
MinimumVisualStudioVersion = 10.0.40219.1
Project("{FAE04EC0-301F-11D3-BF4B-00C04F79EFBC}") = "ionicDemoApI", "ionicDemoApI\ionicDemoApI.csproj", "{62BFB546-6D66-4F97-96AB-C340E8483A43}"
EndProject
Global
	GlobalSection(SolutionConfigurationPlatforms) = preSolution
		Debug|Any CPU = Debug|Any CPU
		Release|Any CPU = Release|Any CPU
	EndGlobalSection
	GlobalSection(ProjectConfigurationPlatforms) = postSolution
		{62BFB546-6D66-4F97-96AB-C340E8483A43}.Debug|Any CPU.ActiveCfg = Debug|Any CPU
		{62BFB546-6D66-4F97-96AB-C340E8483A43}.Debug|Any CPU.Build.0 = Debug|Any CPU
		{62BFB546-6D66-4F97-96AB-C340E8483A43}.Release|Any CPU.ActiveCfg = Release|Any CPU
		{62BFB546-6D66-4F97-96AB-C340E8483A43}.Release|Any CPU.Build.0 = Release|Any CPU
	EndGlobalSection
	GlobalSection(SolutionProperties) = preSolution
		HideSolutionNode = FALSE
	EndGlobalSection
	GlobalSection(ExtensibilityGlobals) = postSolution
		SolutionGuid = {C9121BB3-C9BF-4EF5-9511-8350EE181885}
	EndGlobalSection
EndGlobal
